// !$*UTF8*$!
{
	archiveVersion = 1;
	classes = {
	};
	objectVersion = 46;
	objects = {

/* Begin PBXBuildFile section */
		C00B67C21C52614900652D03 /* UIButton+BBCBackgroundColor.m in Sources */ = {isa = PBXBuildFile; fileRef = C00B67C11C52614900652D03 /* UIButton+BBCBackgroundColor.m */; };
		C07312E51C50F2A600AE5DA9 /* main.m in Sources */ = {isa = PBXBuildFile; fileRef = C07312E41C50F2A600AE5DA9 /* main.m */; };
		C07312EE1C50F2A600AE5DA9 /* Main.storyboard in Resources */ = {isa = PBXBuildFile; fileRef = C07312EC1C50F2A600AE5DA9 /* Main.storyboard */; };
		C07312F01C50F2A600AE5DA9 /* Assets.xcassets in Resources */ = {isa = PBXBuildFile; fileRef = C07312EF1C50F2A600AE5DA9 /* Assets.xcassets */; };
		C07312F31C50F2A600AE5DA9 /* LaunchScreen.storyboard in Resources */ = {isa = PBXBuildFile; fileRef = C07312F11C50F2A600AE5DA9 /* LaunchScreen.storyboard */; };
		C07313001C50F3D300AE5DA9 /* BBCAppDelegate.m in Sources */ = {isa = PBXBuildFile; fileRef = C07312FD1C50F3D300AE5DA9 /* BBCAppDelegate.m */; };
		C07313011C50F3D300AE5DA9 /* BBCViewController.m in Sources */ = {isa = PBXBuildFile; fileRef = C07312FF1C50F3D300AE5DA9 /* BBCViewController.m */; };
/* End PBXBuildFile section */

/* Begin PBXFileReference section */
		C00B67C01C52614900652D03 /* UIButton+BBCBackgroundColor.h */ = {isa = PBXFileReference; fileEncoding = 4; lastKnownFileType = sourcecode.c.h; path = "UIButton+BBCBackgroundColor.h"; sourceTree = "<group>"; };
		C00B67C11C52614900652D03 /* UIButton+BBCBackgroundColor.m */ = {isa = PBXFileReference; fileEncoding = 4; lastKnownFileType = sourcecode.c.objc; path = "UIButton+BBCBackgroundColor.m"; sourceTree = "<group>"; };
		C07312E01C50F2A600AE5DA9 /* ButtonBackgroundColor.app */ = {isa = PBXFileReference; explicitFileType = wrapper.application; includeInIndex = 0; path = ButtonBackgroundColor.app; sourceTree = BUILT_PRODUCTS_DIR; };
		C07312E41C50F2A600AE5DA9 /* main.m */ = {isa = PBXFileReference; lastKnownFileType = sourcecode.c.objc; path = main.m; sourceTree = "<group>"; };
		C07312ED1C50F2A600AE5DA9 /* Base */ = {isa = PBXFileReference; lastKnownFileType = file.storyboard; name = Base; path = Base.lproj/Main.storyboard; sourceTree = "<group>"; };
		C07312EF1C50F2A600AE5DA9 /* Assets.xcassets */ = {isa = PBXFileReference; lastKnownFileType = folder.assetcatalog; path = Assets.xcassets; sourceTree = "<group>"; };
		C07312F21C50F2A600AE5DA9 /* Base */ = {isa = PBXFileReference; lastKnownFileType = file.storyboard; name = Base; path = Base.lproj/LaunchScreen.storyboard; sourceTree = "<group>"; };
		C07312F41C50F2A600AE5DA9 /* Info.plist */ = {isa = PBXFileReference; lastKnownFileType = text.plist.xml; path = Info.plist; sourceTree = "<group>"; };
		C07312FC1C50F3D300AE5DA9 /* BBCAppDelegate.h */ = {isa = PBXFileReference; fileEncoding = 4; lastKnownFileType = sourcecode.c.h; path = BBCAppDelegate.h; sourceTree = "<group>"; };
		C07312FD1C50F3D300AE5DA9 /* BBCAppDelegate.m */ = {isa = PBXFileReference; fileEncoding = 4; lastKnownFileType = sourcecode.c.objc; path = BBCAppDelegate.m; sourceTree = "<group>"; };
		C07312FE1C50F3D300AE5DA9 /* BBCViewController.h */ = {isa = PBXFileReference; fileEncoding = 4; lastKnownFileType = sourcecode.c.h; path = BBCViewController.h; sourceTree = "<group>"; };
		C07312FF1C50F3D300AE5DA9 /* BBCViewController.m */ = {isa = PBXFileReference; fileEncoding = 4; lastKnownFileType = sourcecode.c.objc; path = BBCViewController.m; sourceTree = "<group>"; };
/* End PBXFileReference section */

/* Begin PBXFrameworksBuildPhase section */
		C07312DD1C50F2A600AE5DA9 /* Frameworks */ = {
			isa = PBXFrameworksBuildPhase;
			buildActionMask = 2147483647;
			files = (
			);
			runOnlyForDeploymentPostprocessing = 0;
		};
/* End PBXFrameworksBuildPhase section */

/* Begin PBXGroup section */
		C00B67BF1C52614900652D03 /* ButtonBackgroundColor-iOS */ = {
			isa = PBXGroup;
			children = (
				C00B67C01C52614900652D03 /* UIButton+BBCBackgroundColor.h */,
				C00B67C11C52614900652D03 /* UIButton+BBCBackgroundColor.m */,
			);
			path = "ButtonBackgroundColor-iOS";
			sourceTree = "<group>";
		};
		C07312D71C50F2A600AE5DA9 = {
			isa = PBXGroup;
			children = (
				C07312E21C50F2A600AE5DA9 /* ButtonBackgroundColor */,
				C07312E11C50F2A600AE5DA9 /* Products */,
			);
			sourceTree = "<group>";
		};
		C07312E11C50F2A600AE5DA9 /* Products */ = {
			isa = PBXGroup;
			children = (
				C07312E01C50F2A600AE5DA9 /* ButtonBackgroundColor.app */,
			);
			name = Products;
			sourceTree = "<group>";
		};
		C07312E21C50F2A600AE5DA9 /* ButtonBackgroundColor */ = {
			isa = PBXGroup;
			children = (
				C00B67BF1C52614900652D03 /* ButtonBackgroundColor-iOS */,
				C07312FB1C50F3D300AE5DA9 /* Example */,
				C07312EC1C50F2A600AE5DA9 /* Main.storyboard */,
				C07312EF1C50F2A600AE5DA9 /* Assets.xcassets */,
				C07312F11C50F2A600AE5DA9 /* LaunchScreen.storyboard */,
				C07312F41C50F2A600AE5DA9 /* Info.plist */,
				C07312E31C50F2A600AE5DA9 /* Supporting Files */,
			);
			path = ButtonBackgroundColor;
			sourceTree = "<group>";
		};
		C07312E31C50F2A600AE5DA9 /* Supporting Files */ = {
			isa = PBXGroup;
			children = (
				C07312E41C50F2A600AE5DA9 /* main.m */,
			);
			name = "Supporting Files";
			sourceTree = "<group>";
		};
		C07312FB1C50F3D300AE5DA9 /* Example */ = {
			isa = PBXGroup;
			children = (
				C07312FC1C50F3D300AE5DA9 /* BBCAppDelegate.h */,
				C07312FD1C50F3D300AE5DA9 /* BBCAppDelegate.m */,
				C07312FE1C50F3D300AE5DA9 /* BBCViewController.h */,
				C07312FF1C50F3D300AE5DA9 /* BBCViewController.m */,
			);
			path = Example;
			sourceTree = "<group>";
		};
/* End PBXGroup section */

/* Begin PBXNativeTarget section */
		C07312DF1C50F2A600AE5DA9 /* ButtonBackgroundColor */ = {
			isa = PBXNativeTarget;
			buildConfigurationList = C07312F71C50F2A600AE5DA9 /* Build configuration list for PBXNativeTarget "ButtonBackgroundColor" */;
			buildPhases = (
				C07312DC1C50F2A600AE5DA9 /* Sources */,
				C07312DD1C50F2A600AE5DA9 /* Frameworks */,
				C07312DE1C50F2A600AE5DA9 /* Resources */,
			);
			buildRules = (
			);
			dependencies = (
			);
			name = ButtonBackgroundColor;
			productName = ButtonBackgroundColor;
			productReference = C07312E01C50F2A600AE5DA9 /* ButtonBackgroundColor.app */;
			productType = "com.apple.product-type.application";
		};
/* End PBXNativeTarget section */

/* Begin PBXProject section */
		C07312D81C50F2A600AE5DA9 /* Project object */ = {
			isa = PBXProject;
			attributes = {
				LastUpgradeCheck = 0720;
				ORGANIZATIONNAME = GabrielMassana;
				TargetAttributes = {
					C07312DF1C50F2A600AE5DA9 = {
						CreatedOnToolsVersion = 7.2;
					};
				};
			};
			buildConfigurationList = C07312DB1C50F2A600AE5DA9 /* Build configuration list for PBXProject "ButtonBackgroundColor" */;
			compatibilityVersion = "Xcode 3.2";
			developmentRegion = English;
			hasScannedForEncodings = 0;
			knownRegions = (
				en,
				Base,
			);
			mainGroup = C07312D71C50F2A600AE5DA9;
			productRefGroup = C07312E11C50F2A600AE5DA9 /* Products */;
			projectDirPath = "";
			projectRoot = "";
			targets = (
				C07312DF1C50F2A600AE5DA9 /* ButtonBackgroundColor */,
			);
		};
/* End PBXProject section */

/* Begin PBXResourcesBuildPhase section */
		C07312DE1C50F2A600AE5DA9 /* Resources */ = {
			isa = PBXResourcesBuildPhase;
			buildActionMask = 2147483647;
			files = (
				C07312F31C50F2A600AE5DA9 /* LaunchScreen.storyboard in Resources */,
				C07312F01C50F2A600AE5DA9 /* Assets.xcassets in Resources */,
				C07312EE1C50F2A600AE5DA9 /* Main.storyboard in Resources */,
			);
			runOnlyForDeploymentPostprocessing = 0;
		};
/* End PBXResourcesBuildPhase section */

/* Begin PBXSourcesBuildPhase section */
		C07312DC1C50F2A600AE5DA9 /* Sources */ = {
			isa = PBXSourcesBuildPhase;
			buildActionMask = 2147483647;
			files = (
				C07313001C50F3D300AE5DA9 /* BBCAppDelegate.m in Sources */,
				C07312E51C50F2A600AE5DA9 /* main.m in Sources */,
				C07313011C50F3D300AE5DA9 /* BBCViewController.m in Sources */,
				C00B67C21C52614900652D03 /* UIButton+BBCBackgroundColor.m in Sources */,
			);
			runOnlyForDeploymentPostprocessing = 0;
		};
/* End PBXSourcesBuildPhase section */

/* Begin PBXVariantGroup section */
		C07312EC1C50F2A600AE5DA9 /* Main.storyboard */ = {
			isa = PBXVariantGroup;
			children = (
				C07312ED1C50F2A600AE5DA9 /* Base */,
			);
			name = Main.storyboard;
			sourceTree = "<group>";
		};
		C07312F11C50F2A600AE5DA9 /* LaunchScreen.storyboard */ = {
			isa = PBXVariantGroup;
			children = (
				C07312F21C50F2A600AE5DA9 /* Base */,
			);
			name = LaunchScreen.storyboard;
			sourceTree = "<group>";
		};
/* End PBXVariantGroup section */

/* Begin XCBuildConfiguration section */
		C07312F51C50F2A600AE5DA9 /* Debug */ = {
			isa = XCBuildConfiguration;
			buildSettings = {
				ALWAYS_SEARCH_USER_PATHS = NO;
				CLANG_CXX_LANGUAGE_STANDARD = "gnu++0x";
				CLANG_CXX_LIBRARY = "libc++";
				CLANG_ENABLE_MODULES = YES;
				CLANG_ENABLE_OBJC_ARC = YES;
				CLANG_WARN_BOOL_CONVERSION = YES;
				CLANG_WARN_CONSTANT_CONVERSION = YES;
				CLANG_WARN_DIRECT_OBJC_ISA_USAGE = YES_ERROR;
				CLANG_WARN_EMPTY_BODY = YES;
				CLANG_WARN_ENUM_CONVERSION = YES;
				CLANG_WARN_INT_CONVERSION = YES;
				CLANG_WARN_OBJC_ROOT_CLASS = YES_ERROR;
				CLANG_WARN_UNREACHABLE_CODE = YES;
				CLANG_WARN__DUPLICATE_METHOD_MATCH = YES;
				"CODE_SIGN_IDENTITY[sdk=iphoneos*]" = "iPhone Developer";
				COPY_PHASE_STRIP = NO;
				DEBUG_INFORMATION_FORMAT = dwarf;
				ENABLE_STRICT_OBJC_MSGSEND = YES;
				ENABLE_TESTABILITY = YES;
				GCC_C_LANGUAGE_STANDARD = gnu99;
				GCC_DYNAMIC_NO_PIC = NO;
				GCC_NO_COMMON_BLOCKS = YES;
				GCC_OPTIMIZATION_LEVEL = 0;
				GCC_PREPROCESSOR_DEFINITIONS = (
					"DEBUG=1",
					"$(inherited)",
				);
				GCC_WARN_64_TO_32_BIT_CONVERSION = YES;
				GCC_WARN_ABOUT_RETURN_TYPE = YES_ERROR;
				GCC_WARN_UNDECLARED_SELECTOR = YES;
				GCC_WARN_UNINITIALIZED_AUTOS = YES_AGGRESSIVE;
				GCC_WARN_UNUSED_FUNCTION = YES;
				GCC_WARN_UNUSED_VARIABLE = YES;
				IPHONEOS_DEPLOYMENT_TARGET = 9.2;
				MTL_ENABLE_DEBUG_INFO = YES;
				ONLY_ACTIVE_ARCH = YES;
				SDKROOT = iphoneos;
			};
			name = Debug;
		};
		C07312F61C50F2A600AE5DA9 /* Release */ = {
			isa = XCBuildConfiguration;
			buildSettings = {
				ALWAYS_SEARCH_USER_PATHS = NO;
				CLANG_CXX_LANGUAGE_STANDARD = "gnu++0x";
				CLANG_CXX_LIBRARY = "libc++";
				CLANG_ENABLE_MODULES = YES;
				CLANG_ENABLE_OBJC_ARC = YES;
				CLANG_WARN_BOOL_CONVERSION = YES;
				CLANG_WARN_CONSTANT_CONVERSION = YES;
				CLANG_WARN_DIRECT_OBJC_ISA_USAGE = YES_ERROR;
				CLANG_WARN_EMPTY_BODY = YES;
				CLANG_WARN_ENUM_CONVERSION = YES;
				CLANG_WARN_INT_CONVERSION = YES;
				CLANG_WARN_OBJC_ROOT_CLASS = YES_ERROR;
				CLANG_WARN_UNREACHABLE_CODE = YES;
				CLANG_WARN__DUPLICATE_METHOD_MATCH = YES;
				"CODE_SIGN_IDENTITY[sdk=iphoneos*]" = "iPhone Developer";
				COPY_PHASE_STRIP = NO;
				DEBUG_INFORMATION_FORMAT = "dwarf-with-dsym";
				ENABLE_NS_ASSERTIONS = NO;
				ENABLE_STRICT_OBJC_MSGSEND = YES;
				GCC_C_LANGUAGE_STANDARD = gnu99;
				GCC_NO_COMMON_BLOCKS = YES;
				GCC_WARN_64_TO_32_BIT_CONVERSION = YES;
				GCC_WARN_ABOUT_RETURN_TYPE = YES_ERROR;
				GCC_WARN_UNDECLARED_SELECTOR = YES;
				GCC_WARN_UNINITIALIZED_AUTOS = YES_AGGRESSIVE;
				GCC_WARN_UNUSED_FUNCTION = YES;
				GCC_WARN_UNUSED_VARIABLE = YES;
				IPHONEOS_DEPLOYMENT_TARGET = 9.2;
				MTL_ENABLE_DEBUG_INFO = NO;
				SDKROOT = iphoneos;
				VALIDATE_PRODUCT = YES;
			};
			name = Release;
		};
		C07312F81C50F2A600AE5DA9 /* Debug */ = {
			isa = XCBuildConfiguration;
			buildSettings = {
				ASSETCATALOG_COMPILER_APPICON_NAME = AppIcon;
				INFOPLIST_FILE = ButtonBackgroundColor/Info.plist;
				IPHONEOS_DEPLOYMENT_TARGET = 8.1;
				LD_RUNPATH_SEARCH_PATHS = "$(inherited) @executable_path/Frameworks";
				PRODUCT_BUNDLE_IDENTIFIER = "Gabriel-Massana.ButtonBackgroundColor";
				PRODUCT_NAME = "$(TARGET_NAME)";
			};
			name = Debug;
		};
		C07312F91C50F2A600AE5DA9 /* Release */ = {
			isa = XCBuildConfiguration;
			buildSettings = {
				ASSETCATALOG_COMPILER_APPICON_NAME = AppIcon;
				INFOPLIST_FILE = ButtonBackgroundColor/Info.plist;
				IPHONEOS_DEPLOYMENT_TARGET = 8.1;
				LD_RUNPATH_SEARCH_PATHS = "$(inherited) @executable_path/Frameworks";
				PRODUCT_BUNDLE_IDENTIFIER = "Gabriel-Massana.ButtonBackgroundColor";
				PRODUCT_NAME = "$(TARGET_NAME)";
			};
			name = Release;
		};
/* End XCBuildConfiguration section */

/* Begin XCConfigurationList section */
		C07312DB1C50F2A600AE5DA9 /* Build configuration list for PBXProject "ButtonBackgroundColor" */ = {
			isa = XCConfigurationList;
			buildConfigurations = (
				C07312F51C50F2A600AE5DA9 /* Debug */,
				C07312F61C50F2A600AE5DA9 /* Release */,
			);
			defaultConfigurationIsVisible = 0;
			defaultConfigurationName = Release;
		};
		C07312F71C50F2A600AE5DA9 /* Build configuration list for PBXNativeTarget "ButtonBackgroundColor" */ = {
			isa = XCConfigurationList;
			buildConfigurations = (
				C07312F81C50F2A600AE5DA9 /* Debug */,
				C07312F91C50F2A600AE5DA9 /* Release */,
			);
			defaultConfigurationIsVisible = 0;
			defaultConfigurationName = Release;
		};
/* End XCConfigurationList section */
	};
	rootObject = C07312D81C50F2A600AE5DA9 /* Project object */;
}
